// !$*UTF8*$!
{
	archiveVersion = 1;
	classes = {
	};
	objectVersion = 46;
	objects = {

/* Begin PBXBuildFile section */
		30844A811B8B6ECE00E36D46 /* main.m in Sources */ = {isa = PBXBuildFile; fileRef = 30844A801B8B6ECE00E36D46 /* main.m */; };
		30844A841B8B6ECE00E36D46 /* AppDelegate.m in Sources */ = {isa = PBXBuildFile; fileRef = 30844A831B8B6ECE00E36D46 /* AppDelegate.m */; };
		30844A861B8B6ECE00E36D46 /* Shader.fsh in Resources */ = {isa = PBXBuildFile; fileRef = 30844A851B8B6ECE00E36D46 /* Shader.fsh */; };
		30844A881B8B6ECE00E36D46 /* Shader.vsh in Resources */ = {isa = PBXBuildFile; fileRef = 30844A871B8B6ECE00E36D46 /* Shader.vsh */; };
		30844A8B1B8B6ECE00E36D46 /* GameViewController.m in Sources */ = {isa = PBXBuildFile; fileRef = 30844A8A1B8B6ECE00E36D46 /* GameViewController.m */; };
		30844A8E1B8B6ECE00E36D46 /* Main.storyboard in Resources */ = {isa = PBXBuildFile; fileRef = 30844A8C1B8B6ECE00E36D46 /* Main.storyboard */; };
		30844A901B8B6ECE00E36D46 /* Images.xcassets in Resources */ = {isa = PBXBuildFile; fileRef = 30844A8F1B8B6ECE00E36D46 /* Images.xcassets */; };
		30844A931B8B6ECE00E36D46 /* LaunchScreen.xib in Resources */ = {isa = PBXBuildFile; fileRef = 30844A911B8B6ECE00E36D46 /* LaunchScreen.xib */; };
		30844A9F1B8B6ECE00E36D46 /* OpenGLTests.m in Sources */ = {isa = PBXBuildFile; fileRef = 30844A9E1B8B6ECE00E36D46 /* OpenGLTests.m */; };
/* End PBXBuildFile section */

/* Begin PBXContainerItemProxy section */
		30844A991B8B6ECE00E36D46 /* PBXContainerItemProxy */ = {
			isa = PBXContainerItemProxy;
			containerPortal = 30844A731B8B6ECE00E36D46 /* Project object */;
			proxyType = 1;
			remoteGlobalIDString = 30844A7A1B8B6ECE00E36D46;
			remoteInfo = OpenGL;
		};
/* End PBXContainerItemProxy section */

/* Begin PBXFileReference section */
		30844A7B1B8B6ECE00E36D46 /* OpenGL.app */ = {isa = PBXFileReference; explicitFileType = wrapper.application; includeInIndex = 0; path = OpenGL.app; sourceTree = BUILT_PRODUCTS_DIR; };
		30844A7F1B8B6ECE00E36D46 /* Info.plist */ = {isa = PBXFileReference; lastKnownFileType = text.plist.xml; path = Info.plist; sourceTree = "<group>"; };
		30844A801B8B6ECE00E36D46 /* main.m */ = {isa = PBXFileReference; lastKnownFileType = sourcecode.c.objc; path = main.m; sourceTree = "<group>"; };
		30844A821B8B6ECE00E36D46 /* AppDelegate.h */ = {isa = PBXFileReference; lastKnownFileType = sourcecode.c.h; path = AppDelegate.h; sourceTree = "<group>"; };
		30844A831B8B6ECE00E36D46 /* AppDelegate.m */ = {isa = PBXFileReference; lastKnownFileType = sourcecode.c.objc; path = AppDelegate.m; sourceTree = "<group>"; };
		30844A851B8B6ECE00E36D46 /* Shader.fsh */ = {isa = PBXFileReference; lastKnownFileType = sourcecode.glsl; name = Shader.fsh; path = Shaders/Shader.fsh; sourceTree = "<group>"; };
		30844A871B8B6ECE00E36D46 /* Shader.vsh */ = {isa = PBXFileReference; lastKnownFileType = sourcecode.glsl; name = Shader.vsh; path = Shaders/Shader.vsh; sourceTree = "<group>"; };
		30844A891B8B6ECE00E36D46 /* GameViewController.h */ = {isa = PBXFileReference; lastKnownFileType = sourcecode.c.h; path = GameViewController.h; sourceTree = "<group>"; };
		30844A8A1B8B6ECE00E36D46 /* GameViewController.m */ = {isa = PBXFileReference; lastKnownFileType = sourcecode.c.objc; path = GameViewController.m; sourceTree = "<group>"; };
		30844A8D1B8B6ECE00E36D46 /* Base */ = {isa = PBXFileReference; lastKnownFileType = file.storyboard; name = Base; path = Base.lproj/Main.storyboard; sourceTree = "<group>"; };
		30844A8F1B8B6ECE00E36D46 /* Images.xcassets */ = {isa = PBXFileReference; lastKnownFileType = folder.assetcatalog; path = Images.xcassets; sourceTree = "<group>"; };
		30844A921B8B6ECE00E36D46 /* Base */ = {isa = PBXFileReference; lastKnownFileType = file.xib; name = Base; path = Base.lproj/LaunchScreen.xib; sourceTree = "<group>"; };
		30844A981B8B6ECE00E36D46 /* OpenGLTests.xctest */ = {isa = PBXFileReference; explicitFileType = wrapper.cfbundle; includeInIndex = 0; path = OpenGLTests.xctest; sourceTree = BUILT_PRODUCTS_DIR; };
		30844A9D1B8B6ECE00E36D46 /* Info.plist */ = {isa = PBXFileReference; lastKnownFileType = text.plist.xml; path = Info.plist; sourceTree = "<group>"; };
		30844A9E1B8B6ECE00E36D46 /* OpenGLTests.m */ = {isa = PBXFileReference; lastKnownFileType = sourcecode.c.objc; path = OpenGLTests.m; sourceTree = "<group>"; };
/* End PBXFileReference section */

/* Begin PBXFrameworksBuildPhase section */
		30844A781B8B6ECE00E36D46 /* Frameworks */ = {
			isa = PBXFrameworksBuildPhase;
			buildActionMask = 2147483647;
			files = (
			);
			runOnlyForDeploymentPostprocessing = 0;
		};
		30844A951B8B6ECE00E36D46 /* Frameworks */ = {
			isa = PBXFrameworksBuildPhase;
			buildActionMask = 2147483647;
			files = (
			);
			runOnlyForDeploymentPostprocessing = 0;
		};
/* End PBXFrameworksBuildPhase section */

/* Begin PBXGroup section */
		30844A721B8B6ECE00E36D46 = {
			isa = PBXGroup;
			children = (
				30844A7D1B8B6ECE00E36D46 /* OpenGL */,
				30844A9B1B8B6ECE00E36D46 /* OpenGLTests */,
				30844A7C1B8B6ECE00E36D46 /* Products */,
			);
			sourceTree = "<group>";
		};
		30844A7C1B8B6ECE00E36D46 /* Products */ = {
			isa = PBXGroup;
			children = (
				30844A7B1B8B6ECE00E36D46 /* OpenGL.app */,
				30844A981B8B6ECE00E36D46 /* OpenGLTests.xctest */,
			);
			name = Products;
			sourceTree = "<group>";
		};
		30844A7D1B8B6ECE00E36D46 /* OpenGL */ = {
			isa = PBXGroup;
			children = (
				30844A821B8B6ECE00E36D46 /* AppDelegate.h */,
				30844A831B8B6ECE00E36D46 /* AppDelegate.m */,
				30844A851B8B6ECE00E36D46 /* Shader.fsh */,
				30844A871B8B6ECE00E36D46 /* Shader.vsh */,
				30844A891B8B6ECE00E36D46 /* GameViewController.h */,
				30844A8A1B8B6ECE00E36D46 /* GameViewController.m */,
				30844A8C1B8B6ECE00E36D46 /* Main.storyboard */,
				30844A8F1B8B6ECE00E36D46 /* Images.xcassets */,
				30844A911B8B6ECE00E36D46 /* LaunchScreen.xib */,
				30844A7E1B8B6ECE00E36D46 /* Supporting Files */,
			);
			path = OpenGL;
			sourceTree = "<group>";
		};
		30844A7E1B8B6ECE00E36D46 /* Supporting Files */ = {
			isa = PBXGroup;
			children = (
				30844A7F1B8B6ECE00E36D46 /* Info.plist */,
				30844A801B8B6ECE00E36D46 /* main.m */,
			);
			name = "Supporting Files";
			sourceTree = "<group>";
		};
		30844A9B1B8B6ECE00E36D46 /* OpenGLTests */ = {
			isa = PBXGroup;
			children = (
				30844A9E1B8B6ECE00E36D46 /* OpenGLTests.m */,
				30844A9C1B8B6ECE00E36D46 /* Supporting Files */,
			);
			path = OpenGLTests;
			sourceTree = "<group>";
		};
		30844A9C1B8B6ECE00E36D46 /* Supporting Files */ = {
			isa = PBXGroup;
			children = (
				30844A9D1B8B6ECE00E36D46 /* Info.plist */,
			);
			name = "Supporting Files";
			sourceTree = "<group>";
		};
/* End PBXGroup section */

/* Begin PBXNativeTarget section */
		30844A7A1B8B6ECE00E36D46 /* OpenGL */ = {
			isa = PBXNativeTarget;
			buildConfigurationList = 30844AA21B8B6ECE00E36D46 /* Build configuration list for PBXNativeTarget "OpenGL" */;
			buildPhases = (
				30844A771B8B6ECE00E36D46 /* Sources */,
				30844A781B8B6ECE00E36D46 /* Frameworks */,
				30844A791B8B6ECE00E36D46 /* Resources */,
			);
			buildRules = (
			);
			dependencies = (
			);
			name = OpenGL;
			productName = OpenGL;
			productReference = 30844A7B1B8B6ECE00E36D46 /* OpenGL.app */;
			productType = "com.apple.product-type.application";
		};
		30844A971B8B6ECE00E36D46 /* OpenGLTests */ = {
			isa = PBXNativeTarget;
			buildConfigurationList = 30844AA51B8B6ECE00E36D46 /* Build configuration list for PBXNativeTarget "OpenGLTests" */;
			buildPhases = (
				30844A941B8B6ECE00E36D46 /* Sources */,
				30844A951B8B6ECE00E36D46 /* Frameworks */,
				30844A961B8B6ECE00E36D46 /* Resources */,
			);
			buildRules = (
			);
			dependencies = (
				30844A9A1B8B6ECE00E36D46 /* PBXTargetDependency */,
			);
			name = OpenGLTests;
			productName = OpenGLTests;
			productReference = 30844A981B8B6ECE00E36D46 /* OpenGLTests.xctest */;
			productType = "com.apple.product-type.bundle.unit-test";
		};
/* End PBXNativeTarget section */

/* Begin PBXProject section */
		30844A731B8B6ECE00E36D46 /* Project object */ = {
			isa = PBXProject;
			attributes = {
				LastUpgradeCheck = 0640;
				ORGANIZATIONNAME = "郭毅";
				TargetAttributes = {
					30844A7A1B8B6ECE00E36D46 = {
						CreatedOnToolsVersion = 6.4;
					};
					30844A971B8B6ECE00E36D46 = {
						CreatedOnToolsVersion = 6.4;
						TestTargetID = 30844A7A1B8B6ECE00E36D46;
					};
				};
			};
			buildConfigurationList = 30844A761B8B6ECE00E36D46 /* Build configuration list for PBXProject "OpenGL" */;
			compatibilityVersion = "Xcode 3.2";
			developmentRegion = English;
			hasScannedForEncodings = 0;
			knownRegions = (
				en,
				Base,
			);
			mainGroup = 30844A721B8B6ECE00E36D46;
			productRefGroup = 30844A7C1B8B6ECE00E36D46 /* Products */;
			projectDirPath = "";
			projectRoot = "";
			targets = (
				30844A7A1B8B6ECE00E36D46 /* OpenGL */,
				30844A971B8B6ECE00E36D46 /* OpenGLTests */,
			);
		};
/* End PBXProject section */

/* Begin PBXResourcesBuildPhase section */
		30844A791B8B6ECE00E36D46 /* Resources */ = {
			isa = PBXResourcesBuildPhase;
			buildActionMask = 2147483647;
			files = (
				30844A931B8B6ECE00E36D46 /* LaunchScreen.xib in Resources */,
				30844A8E1B8B6ECE00E36D46 /* Main.storyboard in Resources */,
				30844A901B8B6ECE00E36D46 /* Images.xcassets in Resources */,
				30844A881B8B6ECE00E36D46 /* Shader.vsh in Resources */,
				30844A861B8B6ECE00E36D46 /* Shader.fsh in Resources */,
			);
			runOnlyForDeploymentPostprocessing = 0;
		};
		30844A961B8B6ECE00E36D46 /* Resources */ = {
			isa = PBXResourcesBuildPhase;
			buildActionMask = 2147483647;
			files = (
			);
			runOnlyForDeploymentPostprocessing = 0;
		};
/* End PBXResourcesBuildPhase section */

/* Begin PBXSourcesBuildPhase section */
		30844A771B8B6ECE00E36D46 /* Sources */ = {
			isa = PBXSourcesBuildPhase;
			buildActionMask = 2147483647;
			files = (
				30844A841B8B6ECE00E36D46 /* AppDelegate.m in Sources */,
				30844A8B1B8B6ECE00E36D46 /* GameViewController.m in Sources */,
				30844A811B8B6ECE00E36D46 /* main.m in Sources */,
			);
			runOnlyForDeploymentPostprocessing = 0;
		};
		30844A941B8B6ECE00E36D46 /* Sources */ = {
			isa = PBXSourcesBuildPhase;
			buildActionMask = 2147483647;
			files = (
				30844A9F1B8B6ECE00E36D46 /* OpenGLTests.m in Sources */,
			);
			runOnlyForDeploymentPostprocessing = 0;
		};
/* End PBXSourcesBuildPhase section */

/* Begin PBXTargetDependency section */
		30844A9A1B8B6ECE00E36D46 /* PBXTargetDependency */ = {
			isa = PBXTargetDependency;
			target = 30844A7A1B8B6ECE00E36D46 /* OpenGL */;
			targetProxy = 30844A991B8B6ECE00E36D46 /* PBXContainerItemProxy */;
		};
/* End PBXTargetDependency section */

/* Begin PBXVariantGroup section */
		30844A8C1B8B6ECE00E36D46 /* Main.storyboard */ = {
			isa = PBXVariantGroup;
			children = (
				30844A8D1B8B6ECE00E36D46 /* Base */,
			);
			name = Main.storyboard;
			sourceTree = "<group>";
		};
		30844A911B8B6ECE00E36D46 /* LaunchScreen.xib */ = {
			isa = PBXVariantGroup;
			children = (
				30844A921B8B6ECE00E36D46 /* Base */,
			);
			name = LaunchScreen.xib;
			sourceTree = "<group>";
		};
/* End PBXVariantGroup section */

/* Begin XCBuildConfiguration section */
		30844AA01B8B6ECE00E36D46 /* Debug */ = {
			isa = XCBuildConfiguration;
			buildSettings = {
				ALWAYS_SEARCH_USER_PATHS = NO;
				CLANG_CXX_LANGUAGE_STANDARD = "gnu++0x";
				CLANG_CXX_LIBRARY = "libc++";
				CLANG_ENABLE_MODULES = YES;
				CLANG_ENABLE_OBJC_ARC = YES;
				CLANG_WARN_BOOL_CONVERSION = YES;
				CLANG_WARN_CONSTANT_CONVERSION = YES;
				CLANG_WARN_DIRECT_OBJC_ISA_USAGE = YES_ERROR;
				CLANG_WARN_EMPTY_BODY = YES;
				CLANG_WARN_ENUM_CONVERSION = YES;
				CLANG_WARN_INT_CONVERSION = YES;
				CLANG_WARN_OBJC_ROOT_CLASS = YES_ERROR;
				CLANG_WARN_UNREACHABLE_CODE = YES;
				CLANG_WARN__DUPLICATE_METHOD_MATCH = YES;
				"CODE_SIGN_IDENTITY[sdk=iphoneos*]" = "iPhone Developer";
				COPY_PHASE_STRIP = NO;
				DEBUG_INFORMATION_FORMAT = "dwarf-with-dsym";
				ENABLE_STRICT_OBJC_MSGSEND = YES;
				GCC_C_LANGUAGE_STANDARD = gnu99;
				GCC_DYNAMIC_NO_PIC = NO;
				GCC_NO_COMMON_BLOCKS = YES;
				GCC_OPTIMIZATION_LEVEL = 0;
				GCC_PREPROCESSOR_DEFINITIONS = (
					"DEBUG=1",
					"$(inherited)",
				);
				GCC_SYMBOLS_PRIVATE_EXTERN = NO;
				GCC_WARN_64_TO_32_BIT_CONVERSION = YES;
				GCC_WARN_ABOUT_RETURN_TYPE = YES_ERROR;
				GCC_WARN_UNDECLARED_SELECTOR = YES;
				GCC_WARN_UNINITIALIZED_AUTOS = YES_AGGRESSIVE;
				GCC_WARN_UNUSED_FUNCTION = YES;
				GCC_WARN_UNUSED_VARIABLE = YES;
				IPHONEOS_DEPLOYMENT_TARGET = 8.4;
				MTL_ENABLE_DEBUG_INFO = YES;
				ONLY_ACTIVE_ARCH = YES;
				SDKROOT = iphoneos;
			};
			name = Debug;
		};
		30844AA11B8B6ECE00E36D46 /* Release */ = {
			isa = XCBuildConfiguration;
			buildSettings = {
				ALWAYS_SEARCH_USER_PATHS = NO;
				CLANG_CXX_LANGUAGE_STANDARD = "gnu++0x";
				CLANG_CXX_LIBRARY = "libc++";
				CLANG_ENABLE_MODULES = YES;
				CLANG_ENABLE_OBJC_ARC = YES;
				CLANG_WARN_BOOL_CONVERSION = YES;
				CLANG_WARN_CONSTANT_CONVERSION = YES;
				CLANG_WARN_DIRECT_OBJC_ISA_USAGE = YES_ERROR;
				CLANG_WARN_EMPTY_BODY = YES;
				CLANG_WARN_ENUM_CONVERSION = YES;
				CLANG_WARN_INT_CONVERSION = YES;
				CLANG_WARN_OBJC_ROOT_CLASS = YES_ERROR;
				CLANG_WARN_UNREACHABLE_CODE = YES;
				CLANG_WARN__DUPLICATE_METHOD_MATCH = YES;
				"CODE_SIGN_IDENTITY[sdk=iphoneos*]" = "iPhone Developer";
				COPY_PHASE_STRIP = NO;
				DEBUG_INFORMATION_FORMAT = "dwarf-with-dsym";
				ENABLE_NS_ASSERTIONS = NO;
				ENABLE_STRICT_OBJC_MSGSEND = YES;
				GCC_C_LANGUAGE_STANDARD = gnu99;
				GCC_NO_COMMON_BLOCKS = YES;
				GCC_WARN_64_TO_32_BIT_CONVERSION = YES;
				GCC_WARN_ABOUT_RETURN_TYPE = YES_ERROR;
				GCC_WARN_UNDECLARED_SELECTOR = YES;
				GCC_WARN_UNINITIALIZED_AUTOS = YES_AGGRESSIVE;
				GCC_WARN_UNUSED_FUNCTION = YES;
				GCC_WARN_UNUSED_VARIABLE = YES;
				IPHONEOS_DEPLOYMENT_TARGET = 8.4;
				MTL_ENABLE_DEBUG_INFO = NO;
				SDKROOT = iphoneos;
				VALIDATE_PRODUCT = YES;
			};
			name = Release;
		};
		30844AA31B8B6ECE00E36D46 /* Debug */ = {
			isa = XCBuildConfiguration;
			buildSettings = {
				ASSETCATALOG_COMPILER_APPICON_NAME = AppIcon;
				INFOPLIST_FILE = OpenGL/Info.plist;
				LD_RUNPATH_SEARCH_PATHS = "$(inherited) @executable_path/Frameworks";
				PRODUCT_NAME = "$(TARGET_NAME)";
			};
			name = Debug;
		};
		30844AA41B8B6ECE00E36D46 /* Release */ = {
			isa = XCBuildConfiguration;
			buildSettings = {
				ASSETCATALOG_COMPILER_APPICON_NAME = AppIcon;
				INFOPLIST_FILE = OpenGL/Info.plist;
				LD_RUNPATH_SEARCH_PATHS = "$(inherited) @executable_path/Frameworks";
				PRODUCT_NAME = "$(TARGET_NAME)";
			};
			name = Release;
		};
		30844AA61B8B6ECE00E36D46 /* Debug */ = {
			isa = XCBuildConfiguration;
			buildSettings = {
				BUNDLE_LOADER = "$(TEST_HOST)";
				FRAMEWORK_SEARCH_PATHS = (
					"$(SDKROOT)/Developer/Library/Frameworks",
					"$(inherited)",
				);
				GCC_PREPROCESSOR_DEFINITIONS = (
					"DEBUG=1",
					"$(inherited)",
				);
				INFOPLIST_FILE = OpenGLTests/Info.plist;
				LD_RUNPATH_SEARCH_PATHS = "$(inherited) @executable_path/Frameworks @loader_path/Frameworks";
				PRODUCT_NAME = "$(TARGET_NAME)";
				TEST_HOST = "$(BUILT_PRODUCTS_DIR)/OpenGL.app/OpenGL";
			};
			name = Debug;
		};
		30844AA71B8B6ECE00E36D46 /* Release */ = {
			isa = XCBuildConfiguration;
			buildSettings = {
				BUNDLE_LOADER = "$(TEST_HOST)";
				FRAMEWORK_SEARCH_PATHS = (
					"$(SDKROOT)/Developer/Library/Frameworks",
					"$(inherited)",
				);
				INFOPLIST_FILE = OpenGLTests/Info.plist;
				LD_RUNPATH_SEARCH_PATHS = "$(inherited) @executable_path/Frameworks @loader_path/Frameworks";
				PRODUCT_NAME = "$(TARGET_NAME)";
				TEST_HOST = "$(BUILT_PRODUCTS_DIR)/OpenGL.app/OpenGL";
			};
			name = Release;
		};
/* End XCBuildConfiguration section */

/* Begin XCConfigurationList section */
		30844A761B8B6ECE00E36D46 /* Build configuration list for PBXProject "OpenGL" */ = {
			isa = XCConfigurationList;
			buildConfigurations = (
				30844AA01B8B6ECE00E36D46 /* Debug */,
				30844AA11B8B6ECE00E36D46 /* Release */,
			);
			defaultConfigurationIsVisible = 0;
			defaultConfigurationName = Release;
		};
		30844AA21B8B6ECE00E36D46 /* Build configuration list for PBXNativeTarget "OpenGL" */ = {
			isa = XCConfigurationList;
			buildConfigurations = (
				30844AA31B8B6ECE00E36D46 /* Debug */,
				30844AA41B8B6ECE00E36D46 /* Release */,
			);
			defaultConfigurationIsVisible = 0;
		};
		30844AA51B8B6ECE00E36D46 /* Build configuration list for PBXNativeTarget "OpenGLTests" */ = {
			isa = XCConfigurationList;
			buildConfigurations = (
				30844AA61B8B6ECE00E36D46 /* Debug */,
				30844AA71B8B6ECE00E36D46 /* Release */,
			);
			defaultConfigurationIsVisible = 0;
		};
/* End XCConfigurationList section */
	};
	rootObject = 30844A731B8B6ECE00E36D46 /* Project object */;
}
